
Microsoft Visual Studio Solution File, Format Version 12.00
# Visual Studio Version 16
VisualStudioVersion = 16.0.30320.27
MinimumVisualStudioVersion = 10.0.40219.1
Project("{FAE04EC0-301F-11D3-BF4B-00C04F79EFBC}") = "MobileAppTest", "MobileAppTest\MobileAppTest.csproj", "{45ABEBCA-F26D-4E2D-853D-12BFD415F03B}"
EndProject
Global
	GlobalSection(SolutionConfigurationPlatforms) = preSolution
		Debug|Any CPU = Debug|Any CPU
		Release|Any CPU = Release|Any CPU
	EndGlobalSection
	GlobalSection(ProjectConfigurationPlatforms) = postSolution
		{45ABEBCA-F26D-4E2D-853D-12BFD415F03B}.Debug|Any CPU.ActiveCfg = Debug|Any CPU
		{45ABEBCA-F26D-4E2D-853D-12BFD415F03B}.Debug|Any CPU.Build.0 = Debug|Any CPU
		{45ABEBCA-F26D-4E2D-853D-12BFD415F03B}.Release|Any CPU.ActiveCfg = Release|Any CPU
		{45ABEBCA-F26D-4E2D-853D-12BFD415F03B}.Release|Any CPU.Build.0 = Release|Any CPU
	EndGlobalSection
	GlobalSection(SolutionProperties) = preSolution
		HideSolutionNode = FALSE
	EndGlobalSection
	GlobalSection(ExtensibilityGlobals) = postSolution
		SolutionGuid = {75CE4D32-D625-4CDD-9493-D46AD554265B}
	EndGlobalSection
EndGlobal
